{
  "name": "k6-load-test",
  "version": "1.0.0",
  "lockfileVersion": 3,
  "requires": true,
  "packages": {
    "": {
      "name": "k6-load-test",
      "version": "1.0.0",
      "license": "ISC",
      "dependencies": {
        "k6": "^0.0.0"
      },
      "devDependencies": {
        "@types/k6": "^0.52.0"
      }
    },
    "node_modules/@types/k6": {
      "version": "0.52.0",
      "resolved": "https://registry.npmjs.org/@types/k6/-/k6-0.52.0.tgz",
      "integrity": "sha512-yaw2wg61nKQtToDML+nngzgXVjZ6wNA4R0Q3jKDTeadG5EqfZgis5a1Q2hwY7kjuGuXmu8eM6gHg3tgnOj4vNw==",
      "dev": true
    },
    "node_modules/k6": {
      "version": "0.0.0",
      "resolved": "https://registry.npmjs.org/k6/-/k6-0.0.0.tgz",
      "integrity": "sha512-GAQSWayS2+LjbH5bkRi+pMPYyP1JSp7o+4j58ANZ762N/RH/SdlAT3CHHztnn8s/xgg8kYNM24Gd2IPo9b5W+g=="
    }
  }
}
